<?xml version="1.0" encoding="utf-8"?>
<Project ToolsVersion="4.0" xmlns="http://schemas.microsoft.com/developer/msbuild/2003">
  <ItemGroup>
    <Filter Include="Source">
      <UniqueIdentifier>{14020e36-d0df-471f-b810-0cdbfe5a501d}</UniqueIdentifier>
    </Filter>
    <Filter Include="Source\Days">
      <UniqueIdentifier>{9101f168-a1c8-4764-8a2f-1bd8307d79f5}</UniqueIdentifier>
    </Filter>
  </ItemGroup>
  <ItemGroup>
    <ClCompile Include="..\Source\main.cpp">
      <Filter>Source</Filter>
    </ClCompile>
    <ClCompile Include="..\Source\Days\Day1.cpp">
      <Filter>Source\Days</Filter>
    </ClCompile>
    <ClCompile Include="..\Source\File.cpp">
      <Filter>Source</Filter>
    </ClCompile>
    <ClCompile Include="..\Source\Days\Day2.cpp">
      <Filter>Source\Days</Filter>
    </ClCompile>
    <ClCompile Include="..\Source\Days\Day3.cpp">
      <Filter>Source\Days</Filter>
    </ClCompile>
    <ClCompile Include="..\Source\Days\Day4.cpp">
      <Filter>Source\Days</Filter>
    </ClCompile>
    <ClCompile Include="..\Source\Utils.cpp">
      <Filter>Source</Filter>
    </ClCompile>
    <ClCompile Include="..\Source\Days\Day5.cpp">
      <Filter>Source\Days</Filter>
    </ClCompile>
    <ClCompile Include="..\Source\Days\Day6.cpp">
      <Filter>Source\Days</Filter>
    </ClCompile>
    <ClCompile Include="..\Source\Days\Day7.cpp">
      <Filter>Source\Days</Filter>
    </ClCompile>
    <ClCompile Include="..\Source\Days\Day8.cpp">
      <Filter>Source\Days</Filter>
    </ClCompile>
    <ClCompile Include="..\Source\Days\Day9.cpp">
      <Filter>Source\Days</Filter>
    </ClCompile>
    <ClCompile Include="..\Source\Days\Day10.cpp">
      <Filter>Source\Days</Filter>
    </ClCompile>
    <ClCompile Include="..\Source\Days\Day11.cpp">
      <Filter>Source\Days</Filter>
    </ClCompile>
    <ClCompile Include="..\Source\Days\Day12.cpp">
      <Filter>Source\Days</Filter>
    </ClCompile>
    <ClCompile Include="..\Source\Days\Day13.cpp">
      <Filter>Source\Days</Filter>
    </ClCompile>
  </ItemGroup>
  <ItemGroup>
    <ClInclude Include="..\Source\Day.h">
      <Filter>Source</Filter>
    </ClInclude>
    <ClInclude Include="..\Source\Days\Day1.h">
      <Filter>Source\Days</Filter>
    </ClInclude>
    <ClInclude Include="..\Source\File.h">
      <Filter>Source</Filter>
    </ClInclude>
    <ClInclude Include="..\Source\Days\Day2.h">
      <Filter>Source\Days</Filter>
    </ClInclude>
    <ClInclude Include="..\Source\Days\Day3.h">
      <Filter>Source\Days</Filter>
    </ClInclude>
    <ClInclude Include="..\Source\Days\Day4.h">
      <Filter>Source\Days</Filter>
    </ClInclude>
    <ClInclude Include="..\Source\Utils.h">
      <Filter>Source</Filter>
    </ClInclude>
    <ClInclude Include="..\Source\Days\Day5.h">
      <Filter>Source\Days</Filter>
    </ClInclude>
    <ClInclude Include="..\Source\Days\Day6.h">
      <Filter>Source\Days</Filter>
    </ClInclude>
    <ClInclude Include="..\Source\Days\Day7.h">
      <Filter>Source\Days</Filter>
    </ClInclude>
    <ClInclude Include="..\Source\Days\Day8.h">
      <Filter>Source\Days</Filter>
    </ClInclude>
    <ClInclude Include="..\Source\Days\Day9.h">
      <Filter>Source\Days</Filter>
    </ClInclude>
    <ClInclude Include="..\Source\Days\Day10.h">
      <Filter>Source\Days</Filter>
    </ClInclude>
    <ClInclude Include="..\Source\Days\Day11.h">
      <Filter>Source\Days</Filter>
    </ClInclude>
    <ClInclude Include="..\Source\Days\Day12.h">
      <Filter>Source\Days</Filter>
    </ClInclude>
    <ClInclude Include="..\Source\Days\Day13.h">
      <Filter>Source\Days</Filter>
    </ClInclude>
  </ItemGroup>
</Project>